
Microsoft Visual Studio Solution File, Format Version 12.00
# Visual Studio Version 17
VisualStudioVersion = 17.4.33403.182
MinimumVisualStudioVersion = 10.0.40219.1
Project("{9A19103F-16F7-4668-BE54-9A1E7A4F7556}") = "yahtzee", "yahtzee.csproj", "{490A73FA-3C07-4D2A-B6BB-2BE4B1672A8C}"
EndProject
Global
	GlobalSection(SolutionConfigurationPlatforms) = preSolution
		Debug|Any CPU = Debug|Any CPU
		Release|Any CPU = Release|Any CPU
	EndGlobalSection
	GlobalSection(ProjectConfigurationPlatforms) = postSolution
		{490A73FA-3C07-4D2A-B6BB-2BE4B1672A8C}.Debug|Any CPU.ActiveCfg = Debug|Any CPU
		{490A73FA-3C07-4D2A-B6BB-2BE4B1672A8C}.Debug|Any CPU.Build.0 = Debug|Any CPU
		{490A73FA-3C07-4D2A-B6BB-2BE4B1672A8C}.Release|Any CPU.ActiveCfg = Release|Any CPU
		{490A73FA-3C07-4D2A-B6BB-2BE4B1672A8C}.Release|Any CPU.Build.0 = Release|Any CPU
	EndGlobalSection
	GlobalSection(SolutionProperties) = preSolution
		HideSolutionNode = FALSE
	EndGlobalSection
	GlobalSection(ExtensibilityGlobals) = postSolution
		SolutionGuid = {79598DB4-7E10-445A-AFD6-972C21DA865C}
	EndGlobalSection
EndGlobal
